{
    "_meta": {
        "hash": {
            "sha256": "b6ea450fd931d72f222aa148751a4d503fde1053b7f6e5935e3ab0c1578cb448"
        },
        "pipfile-spec": 6,
        "requires": {
            "python_version": "3.8"
        },
        "sources": [
            {
                "name": "pypi",
                "url": "https://pypi.org/simple",
                "verify_ssl": true
            }
        ]
    },
    "default": {
        "beautifulsoup4": {
            "hashes": [
                "sha256:4c98143716ef1cb40bf7f39a8e3eec8f8b009509e74904ba3a7b315431577e35",
                "sha256:84729e322ad1d5b4d25f805bfa05b902dd96450f43842c4e99067d5e1369eb25",
                "sha256:fff47e031e34ec82bf17e00da8f592fe7de69aeea38be00523c04623c04fb666"
            ],
            "index": "pypi",
            "version": "==4.9.3"
        },
        "certifi": {
            "hashes": [
                "sha256:1a4995114262bffbc2413b159f2a1a480c969de6e6eb13ee966d470af86af59c",
                "sha256:719a74fb9e33b9bd44cc7f3a8d94bc35e4049deebe19ba7d8e108280cfd59830"
            ],
            "version": "==2020.12.5"
        },
        "chardet": {
            "hashes": [
                "sha256:0d6f53a15db4120f2b08c94f11e7d93d2c911ee118b6b30a04ec3ee8310179fa",
                "sha256:f864054d66fd9118f2e67044ac8981a54775ec5b67aed0441892edb553d21da5"
            ],
            "markers": "python_version >= '2.7' and python_version not in '3.0, 3.1, 3.2, 3.3, 3.4'",
            "version": "==4.0.0"
        },
        "click": {
            "hashes": [
                "sha256:d2b5255c7c6349bc1bd1e59e08cd12acbbd63ce649f2588755783aa94dfb6b1a",
                "sha256:dacca89f4bfadd5de3d7489b7c8a566eee0d3676333fbb50030263894c38c0dc"
            ],
            "markers": "python_version >= '2.7' and python_version not in '3.0, 3.1, 3.2, 3.3, 3.4'",
            "version": "==7.1.2"
        },
        "cycler": {
            "hashes": [
                "sha256:1d8a5ae1ff6c5cf9b93e8811e581232ad8920aeec647c37316ceac982b08cb2d",
                "sha256:cd7b2d1018258d7247a71425e9f26463dfb444d411c39569972f4ce586b0c9d8"
            ],
            "version": "==0.10.0"
        },
        "dill": {
            "hashes": [
                "sha256:78370261be6ea49037ace8c17e0b7dd06d0393af6513cc23f9b222d9367ce389",
                "sha256:efb7f6cb65dba7087c1e111bb5390291ba3616741f96840bfc75792a1a9b5ded"
            ],
            "markers": "python_version >= '2.6' and python_version != '3.0'",
            "version": "==0.3.3"
        },
        "filelock": {
            "hashes": [
                "sha256:18d82244ee114f543149c66a6e0c14e9c4f8a1044b5cdaadd0f82159d6a6ff59",
                "sha256:929b7d63ec5b7d6b71b0fa5ac14e030b3f70b75747cef1b10da9b879fef15836"
            ],
            "version": "==3.0.12"
        },
        "gensim": {
            "hashes": [
                "sha256:17375b33685d0b36646ff6cec5c9e54c7384d3a7c583cbb4480a8ceb9d811221",
                "sha256:3691ddda33113a713453a9601ae2b21d297a5c197073eef641ae15d6968a92c1",
                "sha256:4cb1761a76338abd6c9345cfacdb75173961e238e01258e0c0e599341d397016",
                "sha256:5c0cb64d8c6df7e61497cc9d23fdbf552eb18d6d39341271b647d2e84d970e00",
                "sha256:a78e9f51ec87930a7a621c6536c20aac41d35aea52f6b0eae165254dc908ff1b",
                "sha256:ac146eadb15c197eed99280d91ddaed44f3bac099cb32f790476922b203deefd",
                "sha256:b4d0b9562796968684028e06635e0f7aff39ffb33719057fd1667754ea09a6e4",
                "sha256:c748b77082125ada8ccbf7b1de9e60b7c726b5371a17f207234fee66fb32da05",
                "sha256:f1200f3cc6449fc4d90c052911cee8876178adc4afbf756a77207b8ee5fb3967",
                "sha256:fd23b1e19bf0cfaf37ce635b5a91d8ae4e3be7886e04bfb57e61d044995c6ed8"
            ],
            "index": "pypi",
            "version": "==4.0.1"
        },
        "idna": {
            "hashes": [
                "sha256:b307872f855b18632ce0c21c5e45be78c0ea7ae4c15c828c20788b26921eb3f6",
                "sha256:b97d804b1e9b523befed77c48dacec60e6dcb0b5391d57af6a65a312a90648c0"
            ],
            "markers": "python_version >= '2.7' and python_version not in '3.0, 3.1, 3.2, 3.3'",
            "version": "==2.10"
        },
        "janome": {
            "hashes": [
                "sha256:6c2c38d894014d57cb3151265c11146506ead3b3bc290898adc33711711612de",
                "sha256:a650e2684e80af72f869eff17566f31dd4444f5443c4771dca1ada60cea5c251"
            ],
            "index": "pypi",
            "version": "==0.4.1"
        },
        "joblib": {
            "hashes": [
                "sha256:9c17567692206d2f3fb9ecf5e991084254fe631665c450b443761c4186a613f7",
                "sha256:feeb1ec69c4d45129954f1b7034954241eedfd6ba39b5e9e4b6883be3332d5e5"
            ],
            "markers": "python_version >= '3.6'",
            "version": "==1.0.1"
        },
        "kiwisolver": {
            "hashes": [
                "sha256:0cd53f403202159b44528498de18f9285b04482bab2a6fc3f5dd8dbb9352e30d",
                "sha256:1e1bc12fb773a7b2ffdeb8380609f4f8064777877b2225dec3da711b421fda31",
                "sha256:225e2e18f271e0ed8157d7f4518ffbf99b9450fca398d561eb5c4a87d0986dd9",
                "sha256:232c9e11fd7ac3a470d65cd67e4359eee155ec57e822e5220322d7b2ac84fbf0",
                "sha256:31dfd2ac56edc0ff9ac295193eeaea1c0c923c0355bf948fbd99ed6018010b72",
                "sha256:33449715e0101e4d34f64990352bce4095c8bf13bed1b390773fc0a7295967b3",
                "sha256:401a2e9afa8588589775fe34fc22d918ae839aaaf0c0e96441c0fdbce6d8ebe6",
                "sha256:44a62e24d9b01ba94ae7a4a6c3fb215dc4af1dde817e7498d901e229aaf50e4e",
                "sha256:50af681a36b2a1dee1d3c169ade9fdc59207d3c31e522519181e12f1b3ba7000",
                "sha256:563c649cfdef27d081c84e72a03b48ea9408c16657500c312575ae9d9f7bc1c3",
                "sha256:5989db3b3b34b76c09253deeaf7fbc2707616f130e166996606c284395da3f18",
                "sha256:5a7a7dbff17e66fac9142ae2ecafb719393aaee6a3768c9de2fd425c63b53e21",
                "sha256:5c3e6455341008a054cccee8c5d24481bcfe1acdbc9add30aa95798e95c65621",
                "sha256:5f6ccd3dd0b9739edcf407514016108e2280769c73a85b9e59aa390046dbf08b",
                "sha256:72c99e39d005b793fb7d3d4e660aed6b6281b502e8c1eaf8ee8346023c8e03bc",
                "sha256:78751b33595f7f9511952e7e60ce858c6d64db2e062afb325985ddbd34b5c131",
                "sha256:834ee27348c4aefc20b479335fd422a2c69db55f7d9ab61721ac8cd83eb78882",
                "sha256:8be8d84b7d4f2ba4ffff3665bcd0211318aa632395a1a41553250484a871d454",
                "sha256:950a199911a8d94683a6b10321f9345d5a3a8433ec58b217ace979e18f16e248",
                "sha256:a357fd4f15ee49b4a98b44ec23a34a95f1e00292a139d6015c11f55774ef10de",
                "sha256:a53d27d0c2a0ebd07e395e56a1fbdf75ffedc4a05943daf472af163413ce9598",
                "sha256:acef3d59d47dd85ecf909c359d0fd2c81ed33bdff70216d3956b463e12c38a54",
                "sha256:b38694dcdac990a743aa654037ff1188c7a9801ac3ccc548d3341014bc5ca278",
                "sha256:b9edd0110a77fc321ab090aaa1cfcaba1d8499850a12848b81be2222eab648f6",
                "sha256:c08e95114951dc2090c4a630c2385bef681cacf12636fb0241accdc6b303fd81",
                "sha256:c5518d51a0735b1e6cee1fdce66359f8d2b59c3ca85dc2b0813a8aa86818a030",
                "sha256:c8fd0f1ae9d92b42854b2979024d7597685ce4ada367172ed7c09edf2cef9cb8",
                "sha256:ca3820eb7f7faf7f0aa88de0e54681bddcb46e485beb844fcecbcd1c8bd01689",
                "sha256:cf8b574c7b9aa060c62116d4181f3a1a4e821b2ec5cbfe3775809474113748d4",
                "sha256:d3155d828dec1d43283bd24d3d3e0d9c7c350cdfcc0bd06c0ad1209c1bbc36d0",
                "sha256:f8d6f8db88049a699817fd9178782867bf22283e3813064302ac59f61d95be05",
                "sha256:fd34fbbfbc40628200730bc1febe30631347103fc8d3d4fa012c21ab9c11eca9"
            ],
            "markers": "python_version >= '3.6'",
            "version": "==1.3.1"
        },
        "matplotlib": {
            "hashes": [
                "sha256:1f83a32e4b6045191f9d34e4dc68c0a17c870b57ef9cca518e516da591246e79",
                "sha256:2eee37340ca1b353e0a43a33da79d0cd4bcb087064a0c3c3d1329cdea8fbc6f3",
                "sha256:53ceb12ef44f8982b45adc7a0889a7e2df1d758e8b360f460e435abe8a8cd658",
                "sha256:574306171b84cd6854c83dc87bc353cacc0f60184149fb00c9ea871eca8c1ecb",
                "sha256:7561fd541477d41f3aa09457c434dd1f7604f3bd26d7858d52018f5dfe1c06d1",
                "sha256:7a54efd6fcad9cb3cd5ef2064b5a3eeb0b63c99f26c346bdcf66e7c98294d7cc",
                "sha256:7f16660edf9a8bcc0f766f51c9e1b9d2dc6ceff6bf636d2dbd8eb925d5832dfd",
                "sha256:81e6fe8b18ef5be67f40a1d4f07d5a4ed21d3878530193898449ddef7793952f",
                "sha256:84a10e462120aa7d9eb6186b50917ed5a6286ee61157bfc17c5b47987d1a9068",
                "sha256:84d4c4f650f356678a5d658a43ca21a41fca13f9b8b00169c0b76e6a6a948908",
                "sha256:86dc94e44403fa0f2b1dd76c9794d66a34e821361962fe7c4e078746362e3b14",
                "sha256:90dbc007f6389bcfd9ef4fe5d4c78c8d2efe4e0ebefd48b4f221cdfed5672be2",
                "sha256:9f374961a3996c2d1b41ba3145462c3708a89759e604112073ed6c8bdf9f622f",
                "sha256:a18cc1ab4a35b845cf33b7880c979f5c609fd26c2d6e74ddfacb73dcc60dd956",
                "sha256:a97781453ac79409ddf455fccf344860719d95142f9c334f2a8f3fff049ffec3",
                "sha256:a989022f89cda417f82dbf65e0a830832afd8af743d05d1414fb49549287ff04",
                "sha256:ac2a30a09984c2719f112a574b6543ccb82d020fd1b23b4d55bf4759ba8dd8f5",
                "sha256:be4430b33b25e127fc4ea239cc386389de420be4d63e71d5359c20b562951ce1",
                "sha256:c45e7bf89ea33a2adaef34774df4e692c7436a18a48bcb0e47a53e698a39fa39"
            ],
            "index": "pypi",
            "version": "==3.4.1"
        },
        "mecab-python3": {
            "hashes": [
                "sha256:02792fe78a8ff678e5ead2cfb8ba242d44793c43e2ec469e9b6f8a9ef32dd52f",
                "sha256:204aa45f342e7c32a346266ee149a1ce29d51e2c2458841ffc67b4589e96ec6b",
                "sha256:3bfd9ddba93f81308eb82c8199faf210882d5202000f8f6b88e35b840094e6cb",
                "sha256:3dad694911a1f6da77cc4be4317e3febfeb44d34674a2365f4d507fad58bd0c5",
                "sha256:4927baddd924079e89bf3d366dfd3fcc47c84e05f9a50a3832d43334250b1253",
                "sha256:4d9bde34482ce1aa57c0309ce77c0c35e1d058cd5b779e8ea4e0cd223f3e846d",
                "sha256:5c8f923a9c4496658dc44b46e012bad9f95ed6f8486ad8b9417d2835649a1265",
                "sha256:62abe28a1155398325372291483608427bc82681fef80e7d132904415f9fd42e",
                "sha256:7202de44c7a077b35fd0e820746415954fe2d61735df9797455023d4c0eb1bc0",
                "sha256:900de8f3c0736875d1bd64e1f1c381bc697afde477bb501c93198b5e0efbe934",
                "sha256:99dae91a1bc574f746fecf68f2aaefde068ce4e67828f89e45e6d69375de20f8",
                "sha256:aef526312eb990d0843685b705604424573263d21374c29f381b04a75a42b91b",
                "sha256:cba161eefe02d370cebb20f6a9aaea76c9d93d9372d993014f83865f26e0994a",
                "sha256:d0c2bc63e2684fa2be8bb39ad0c80e852c2819b450a4f573c5f6dc7d8892ba43",
                "sha256:ecfa3ce98aef5c79f2e0721d329493588a2cdc1e21cc0147c912b291d6b047b6",
                "sha256:fd079d7dba4c7d48491e2db5b4aaeb98ca5a21d9b4713857ac6eed8e761286ed"
            ],
            "index": "pypi",
            "version": "==1.0.3"
        },
        "nlp": {
            "hashes": [
                "sha256:0aa6bc966ffc2d2be7248bd71f258360281cd717c10811e1b55bb2fa50bf79d4",
                "sha256:a7335eb3939133d29dfefb507260b3b069bd7bcc662661ad026ff1404545a96c"
            ],
            "index": "pypi",
            "version": "==0.4.0"
        },
        "numpy": {
            "hashes": [
                "sha256:2428b109306075d89d21135bdd6b785f132a1f5a3260c371cee1fae427e12727",
                "sha256:377751954da04d4a6950191b20539066b4e19e3b559d4695399c5e8e3e683bf6",
                "sha256:4703b9e937df83f5b6b7447ca5912b5f5f297aba45f91dbbbc63ff9278c7aa98",
                "sha256:471c0571d0895c68da309dacee4e95a0811d0a9f9f532a48dc1bea5f3b7ad2b7",
                "sha256:61d5b4cf73622e4d0c6b83408a16631b670fc045afd6540679aa35591a17fe6d",
                "sha256:6c915ee7dba1071554e70a3664a839fbc033e1d6528199d4621eeaaa5487ccd2",
                "sha256:6e51e417d9ae2e7848314994e6fc3832c9d426abce9328cf7571eefceb43e6c9",
                "sha256:719656636c48be22c23641859ff2419b27b6bdf844b36a2447cb39caceb00935",
                "sha256:780ae5284cb770ade51d4b4a7dce4faa554eb1d88a56d0e8b9f35fca9b0270ff",
                "sha256:878922bf5ad7550aa044aa9301d417e2d3ae50f0f577de92051d739ac6096cee",
                "sha256:924dc3f83de20437de95a73516f36e09918e9c9c18d5eac520062c49191025fb",
                "sha256:97ce8b8ace7d3b9288d88177e66ee75480fb79b9cf745e91ecfe65d91a856042",
                "sha256:9c0fab855ae790ca74b27e55240fe4f2a36a364a3f1ebcfd1fb5ac4088f1cec3",
                "sha256:9cab23439eb1ebfed1aaec9cd42b7dc50fc96d5cd3147da348d9161f0501ada5",
                "sha256:a8e6859913ec8eeef3dbe9aed3bf475347642d1cdd6217c30f28dee8903528e6",
                "sha256:aa046527c04688af680217fffac61eec2350ef3f3d7320c07fd33f5c6e7b4d5f",
                "sha256:abc81829c4039e7e4c30f7897938fa5d4916a09c2c7eb9b244b7a35ddc9656f4",
                "sha256:bad70051de2c50b1a6259a6df1daaafe8c480ca98132da98976d8591c412e737",
                "sha256:c73a7975d77f15f7f68dacfb2bca3d3f479f158313642e8ea9058eea06637931",
                "sha256:d15007f857d6995db15195217afdbddfcd203dfaa0ba6878a2f580eaf810ecd6",
                "sha256:d76061ae5cab49b83a8cf3feacefc2053fac672728802ac137dd8c4123397677",
                "sha256:e8e4fbbb7e7634f263c5b0150a629342cc19b47c5eba8d1cd4363ab3455ab576",
                "sha256:e9459f40244bb02b2f14f6af0cd0732791d72232bbb0dc4bab57ef88e75f6935",
                "sha256:edb1f041a9146dcf02cd7df7187db46ab524b9af2515f392f337c7cbbf5b52cd"
            ],
            "index": "pypi",
            "version": "==1.20.2"
        },
        "packaging": {
            "hashes": [
                "sha256:5b327ac1320dc863dca72f4514ecc086f31186744b84a230374cc1fd776feae5",
                "sha256:67714da7f7bc052e064859c05c595155bd1ee9f69f76557e21f051443c20947a"
            ],
            "markers": "python_version >= '2.7' and python_version not in '3.0, 3.1, 3.2, 3.3'",
            "version": "==20.9"
        },
        "pandas": {
            "hashes": [
                "sha256:167693a80abc8eb28051fbd184c1b7afd13ce2c727a5af47b048f1ea3afefff4",
                "sha256:2111c25e69fa9365ba80bbf4f959400054b2771ac5d041ed19415a8b488dc70a",
                "sha256:298f0553fd3ba8e002c4070a723a59cdb28eda579f3e243bc2ee397773f5398b",
                "sha256:2b063d41803b6a19703b845609c0b700913593de067b552a8b24dd8eeb8c9895",
                "sha256:2cb7e8f4f152f27dc93f30b5c7a98f6c748601ea65da359af734dd0cf3fa733f",
                "sha256:52d2472acbb8a56819a87aafdb8b5b6d2b3386e15c95bde56b281882529a7ded",
                "sha256:612add929bf3ba9d27b436cc8853f5acc337242d6b584203f207e364bb46cb12",
                "sha256:649ecab692fade3cbfcf967ff936496b0cfba0af00a55dfaacd82bdda5cb2279",
                "sha256:68d7baa80c74aaacbed597265ca2308f017859123231542ff8a5266d489e1858",
                "sha256:8d4c74177c26aadcfb4fd1de6c1c43c2bf822b3e0fc7a9b409eeaf84b3e92aaa",
                "sha256:971e2a414fce20cc5331fe791153513d076814d30a60cd7348466943e6e909e4",
                "sha256:9db70ffa8b280bb4de83f9739d514cd0735825e79eef3a61d312420b9f16b758",
                "sha256:b730add5267f873b3383c18cac4df2527ac4f0f0eed1c6cf37fcb437e25cf558",
                "sha256:bd659c11a4578af740782288cac141a322057a2e36920016e0fc7b25c5a4b686",
                "sha256:c601c6fdebc729df4438ec1f62275d6136a0dd14d332fc0e8ce3f7d2aadb4dd6",
                "sha256:d0877407359811f7b853b548a614aacd7dea83b0c0c84620a9a643f180060950"
            ],
            "index": "pypi",
            "version": "==1.2.4"
        },
        "pillow": {
            "hashes": [
                "sha256:01425106e4e8cee195a411f729cff2a7d61813b0b11737c12bd5991f5f14bcd5",
                "sha256:031a6c88c77d08aab84fecc05c3cde8414cd6f8406f4d2b16fed1e97634cc8a4",
                "sha256:083781abd261bdabf090ad07bb69f8f5599943ddb539d64497ed021b2a67e5a9",
                "sha256:0d19d70ee7c2ba97631bae1e7d4725cdb2ecf238178096e8c82ee481e189168a",
                "sha256:0e04d61f0064b545b989126197930807c86bcbd4534d39168f4aa5fda39bb8f9",
                "sha256:12e5e7471f9b637762453da74e390e56cc43e486a88289995c1f4c1dc0bfe727",
                "sha256:22fd0f42ad15dfdde6c581347eaa4adb9a6fc4b865f90b23378aa7914895e120",
                "sha256:238c197fc275b475e87c1453b05b467d2d02c2915fdfdd4af126145ff2e4610c",
                "sha256:3b570f84a6161cf8865c4e08adf629441f56e32f180f7aa4ccbd2e0a5a02cba2",
                "sha256:463822e2f0d81459e113372a168f2ff59723e78528f91f0bd25680ac185cf797",
                "sha256:4d98abdd6b1e3bf1a1cbb14c3895226816e666749ac040c4e2554231068c639b",
                "sha256:5afe6b237a0b81bd54b53f835a153770802f164c5570bab5e005aad693dab87f",
                "sha256:5b70110acb39f3aff6b74cf09bb4169b167e2660dabc304c1e25b6555fa781ef",
                "sha256:5cbf3e3b1014dddc45496e8cf38b9f099c95a326275885199f427825c6522232",
                "sha256:624b977355cde8b065f6d51b98497d6cd5fbdd4f36405f7a8790e3376125e2bb",
                "sha256:63728564c1410d99e6d1ae8e3b810fe012bc440952168af0a2877e8ff5ab96b9",
                "sha256:66cc56579fd91f517290ab02c51e3a80f581aba45fd924fcdee01fa06e635812",
                "sha256:6c32cc3145928c4305d142ebec682419a6c0a8ce9e33db900027ddca1ec39178",
                "sha256:8bb1e155a74e1bfbacd84555ea62fa21c58e0b4e7e6b20e4447b8d07990ac78b",
                "sha256:95d5ef984eff897850f3a83883363da64aae1000e79cb3c321915468e8c6add5",
                "sha256:a013cbe25d20c2e0c4e85a9daf438f85121a4d0344ddc76e33fd7e3965d9af4b",
                "sha256:a787ab10d7bb5494e5f76536ac460741788f1fbce851068d73a87ca7c35fc3e1",
                "sha256:a7d5e9fad90eff8f6f6106d3b98b553a88b6f976e51fce287192a5d2d5363713",
                "sha256:aac00e4bc94d1b7813fe882c28990c1bc2f9d0e1aa765a5f2b516e8a6a16a9e4",
                "sha256:b91c36492a4bbb1ee855b7d16fe51379e5f96b85692dc8210831fbb24c43e484",
                "sha256:c03c07ed32c5324939b19e36ae5f75c660c81461e312a41aea30acdd46f93a7c",
                "sha256:c5236606e8570542ed424849f7852a0ff0bce2c4c8d0ba05cc202a5a9c97dee9",
                "sha256:c6b39294464b03457f9064e98c124e09008b35a62e3189d3513e5148611c9388",
                "sha256:cb7a09e173903541fa888ba010c345893cd9fc1b5891aaf060f6ca77b6a3722d",
                "sha256:d68cb92c408261f806b15923834203f024110a2e2872ecb0bd2a110f89d3c602",
                "sha256:dc38f57d8f20f06dd7c3161c59ca2c86893632623f33a42d592f097b00f720a9",
                "sha256:e98eca29a05913e82177b3ba3d198b1728e164869c613d76d0de4bde6768a50e",
                "sha256:f217c3954ce5fd88303fc0c317af55d5e0204106d86dea17eb8205700d47dec2"
            ],
            "markers": "python_version >= '3.6'",
            "version": "==8.2.0"
        },
        "pyarrow": {
            "hashes": [
                "sha256:07d445dfe55eb7401afb7806ad47ce59b889cf50d6f5bfdb9e90371ef642e2e0",
                "sha256:0f1d38f10c11a49f57f979010dce252c7102fea9c0424b4c2bfa1306b3aa3db3",
                "sha256:0f2f289fa6a23a97622b0e1bbb4f9ff8440bee5182078c1f326ddc17ba680406",
                "sha256:16de8d92de9173e64d1f0298b84cb03b3fe27786468a0caf8caabf34eef22852",
                "sha256:20d5c17ef4d0144a39bf550db79abb16b3ab75e43813757375b842623852ade8",
                "sha256:239606b385e3cd1d5dab598ccef8105fc258dbad1cf0c44295f8c1ca754ac62c",
                "sha256:4a97ad44b2ce67c655296255df6e6c0c4d9c22426f964ceb912d3db013c14bbc",
                "sha256:4b6cfa6ba09b1d205320116fad97487ff5976ea469748d23243d39f3c24ffee2",
                "sha256:4cf77ac6ca87e0b1c6da4153c00d8af7d631e4d97c59b315f6a11e8d694bf531",
                "sha256:547d49a3eee9386054ea8801133e573d1e0226d5f298f9b1d24a110c4873c83d",
                "sha256:5f2fbff6c2eee6d81b38d4c8202b5a36ec7f506ebb84e6415950ab9f41995218",
                "sha256:606dbfc128eec5673f48fd15e30c2cc23acdcdee3b5ab5f923078c9f787d6608",
                "sha256:6a1cef994caf5da24d2bfc30e8bfee6a32c797292404cb33202c6896ca0a8f71",
                "sha256:75187f0c4bab5259fb76808b4567850c5b94fc0fb54fdbdccccad029db5a1ca9",
                "sha256:79bf9a6324f3e22d11ce405b0efb1efa8bca18560d6e53b5ea05495ef458ea8f",
                "sha256:8910f11923ae453c89cac4c2a7322d5db7b9f7c60d2a4d48212ca72cd716aa12",
                "sha256:8b655d955ff71bc5efd5a7575575df6d62d4b9d95354070c589be31498f379e7",
                "sha256:8f8396766bb14ab609dcfe07eb1ecbe269d72f8601adb13076e733451dc7ffe6",
                "sha256:977cac82e5e9eeed4c9d0b8da7941b903df922c15e650841f12b72987eb0332b",
                "sha256:98cd697c56c549d50496a3497a6abd34490ece57afaaa3c96f5961c6cce8db67",
                "sha256:ab4d5dfc79b0bec9bb5030b06d065afc9f7085487b04a58f6dc97111016203f2",
                "sha256:af02d8da74a46951ab41df6c5a0cbd00c419a3394e38c82f1d9f7b60159e9c8b",
                "sha256:eae3cbf83b210995bcf1bc30dcf39072381165739f913930498fc50a540e87f7",
                "sha256:ecad11625a532242c5ab513340cffc989a2f69b13440da5a4a539fad582f9109",
                "sha256:ed78652628653aeb77cd013de637c3dfd064f4770985f002ec7595954383688e"
            ],
            "markers": "python_version >= '3.6'",
            "version": "==4.0.0"
        },
        "pyparsing": {
            "hashes": [
                "sha256:c203ec8783bf771a155b207279b9bccb8dea02d8f0c9e5f8ead507bc3246ecc1",
                "sha256:ef9d7589ef3c200abe66653d3f1ab1033c3c419ae9b9bdb1240a85b024efc88b"
            ],
            "markers": "python_version >= '2.6' and python_version not in '3.0, 3.1, 3.2, 3.3'",
            "version": "==2.4.7"
        },
        "python-dateutil": {
            "hashes": [
                "sha256:73ebfe9dbf22e832286dafa60473e4cd239f8592f699aa5adaf10050e6e1823c",
                "sha256:75bb3f31ea686f1197762692a9ee6a7550b59fc6ca3a1f4b5d7e32fb98e2da2a"
            ],
            "markers": "python_version >= '2.7' and python_version not in '3.0, 3.1, 3.2, 3.3'",
            "version": "==2.8.1"
        },
        "python-levenshtein": {
            "hashes": [
                "sha256:dc2395fbd148a1ab31090dd113c366695934b9e85fe5a4b2a032745efd0346f6"
            ],
            "index": "pypi",
            "version": "==0.12.2"
        },
        "pytz": {
            "hashes": [
                "sha256:83a4a90894bf38e243cf052c8b58f381bfe9a7a483f6a9cab140bc7f702ac4da",
                "sha256:eb10ce3e7736052ed3623d49975ce333bcd712c7bb19a58b9e2089d4057d0798"
            ],
            "version": "==2021.1"
        },
        "regex": {
            "hashes": [
                "sha256:01afaf2ec48e196ba91b37451aa353cb7eda77efe518e481707e0515025f0cd5",
                "sha256:11d773d75fa650cd36f68d7ca936e3c7afaae41b863b8c387a22aaa78d3c5c79",
                "sha256:18c071c3eb09c30a264879f0d310d37fe5d3a3111662438889ae2eb6fc570c31",
                "sha256:1e1c20e29358165242928c2de1482fb2cf4ea54a6a6dea2bd7a0e0d8ee321500",
                "sha256:281d2fd05555079448537fe108d79eb031b403dac622621c78944c235f3fcf11",
                "sha256:314d66636c494ed9c148a42731b3834496cc9a2c4251b1661e40936814542b14",
                "sha256:32e65442138b7b76dd8173ffa2cf67356b7bc1768851dded39a7a13bf9223da3",
                "sha256:339456e7d8c06dd36a22e451d58ef72cef293112b559010db3d054d5560ef439",
                "sha256:3916d08be28a1149fb97f7728fca1f7c15d309a9f9682d89d79db75d5e52091c",
                "sha256:3a9cd17e6e5c7eb328517969e0cb0c3d31fd329298dd0c04af99ebf42e904f82",
                "sha256:47bf5bf60cf04d72bf6055ae5927a0bd9016096bf3d742fa50d9bf9f45aa0711",
                "sha256:4c46e22a0933dd783467cf32b3516299fb98cfebd895817d685130cc50cd1093",
                "sha256:4c557a7b470908b1712fe27fb1ef20772b78079808c87d20a90d051660b1d69a",
                "sha256:52ba3d3f9b942c49d7e4bc105bb28551c44065f139a65062ab7912bef10c9afb",
                "sha256:563085e55b0d4fb8f746f6a335893bda5c2cef43b2f0258fe1020ab1dd874df8",
                "sha256:598585c9f0af8374c28edd609eb291b5726d7cbce16be6a8b95aa074d252ee17",
                "sha256:619d71c59a78b84d7f18891fe914446d07edd48dc8328c8e149cbe0929b4e000",
                "sha256:67bdb9702427ceddc6ef3dc382455e90f785af4c13d495f9626861763ee13f9d",
                "sha256:6d1b01031dedf2503631d0903cb563743f397ccaf6607a5e3b19a3d76fc10480",
                "sha256:741a9647fcf2e45f3a1cf0e24f5e17febf3efe8d4ba1281dcc3aa0459ef424dc",
                "sha256:7c2a1af393fcc09e898beba5dd59196edaa3116191cc7257f9224beaed3e1aa0",
                "sha256:7d9884d86dd4dd489e981d94a65cd30d6f07203d90e98f6f657f05170f6324c9",
                "sha256:90f11ff637fe8798933fb29f5ae1148c978cccb0452005bf4c69e13db951e765",
                "sha256:919859aa909429fb5aa9cf8807f6045592c85ef56fdd30a9a3747e513db2536e",
                "sha256:96fcd1888ab4d03adfc9303a7b3c0bd78c5412b2bfbe76db5b56d9eae004907a",
                "sha256:97f29f57d5b84e73fbaf99ab3e26134e6687348e95ef6b48cfd2c06807005a07",
                "sha256:980d7be47c84979d9136328d882f67ec5e50008681d94ecc8afa8a65ed1f4a6f",
                "sha256:a91aa8619b23b79bcbeb37abe286f2f408d2f2d6f29a17237afda55bb54e7aac",
                "sha256:ade17eb5d643b7fead300a1641e9f45401c98eee23763e9ed66a43f92f20b4a7",
                "sha256:b9c3db21af35e3b3c05764461b262d6f05bbca08a71a7849fd79d47ba7bc33ed",
                "sha256:bd28bc2e3a772acbb07787c6308e00d9626ff89e3bfcdebe87fa5afbfdedf968",
                "sha256:bf5824bfac591ddb2c1f0a5f4ab72da28994548c708d2191e3b87dd207eb3ad7",
                "sha256:c0502c0fadef0d23b128605d69b58edb2c681c25d44574fc673b0e52dce71ee2",
                "sha256:c38c71df845e2aabb7fb0b920d11a1b5ac8526005e533a8920aea97efb8ec6a4",
                "sha256:ce15b6d103daff8e9fee13cf7f0add05245a05d866e73926c358e871221eae87",
                "sha256:d3029c340cfbb3ac0a71798100ccc13b97dddf373a4ae56b6a72cf70dfd53bc8",
                "sha256:e512d8ef5ad7b898cdb2d8ee1cb09a8339e4f8be706d27eaa180c2f177248a10",
                "sha256:e8e5b509d5c2ff12f8418006d5a90e9436766133b564db0abaec92fd27fcee29",
                "sha256:ee54ff27bf0afaf4c3b3a62bcd016c12c3fdb4ec4f413391a90bd38bc3624605",
                "sha256:fa4537fb4a98fe8fde99626e4681cc644bdcf2a795038533f9f711513a862ae6",
                "sha256:fd45ff9293d9274c5008a2054ecef86a9bfe819a67c7be1afb65e69b405b3042"
            ],
            "version": "==2021.4.4"
        },
        "requests": {
            "hashes": [
                "sha256:27973dd4a904a4f13b263a19c866c13b92a39ed1c964655f025f3f8d3d75b804",
                "sha256:c210084e36a42ae6b9219e00e48287def368a26d03a048ddad7bfee44f75871e"
            ],
            "markers": "python_version >= '2.7' and python_version not in '3.0, 3.1, 3.2, 3.3, 3.4'",
            "version": "==2.25.1"
        },
        "sacremoses": {
            "hashes": [
                "sha256:58176cc28391830789b763641d0f458819bebe88681dac72b41a19c0aedc07e9",
                "sha256:fa93db44bc04542553ba6090818b892f603d02aa0d681e6c5c3023baf17e8564"
            ],
            "version": "==0.0.45"
        },
        "scikit-learn": {
            "hashes": [
                "sha256:038f4e9d6ef10e1f3fe82addc3a14735c299866eb10f2c77c090410904828312",
                "sha256:06ffdcaaf81e2a3b1b50c3ac6842cfb13df2d8b737d61f64643ed61da7389cde",
                "sha256:0e71ce9c7cbc20f6f8b860107ce15114da26e8675238b4b82b7e7cd37ca0c087",
                "sha256:1eec963fe9ffc827442c2e9333227c4d49749a44e592f305398c1db5c1563393",
                "sha256:2754c85b2287333f9719db7f23fb7e357f436deed512db3417a02bf6f2830aa5",
                "sha256:2db429090b98045d71218a9ba913cc9b3fe78e0ba0b6b647d8748bc6d5a44080",
                "sha256:39b7e3b71bcb1fe46397185d6c1a5db1c441e71c23c91a31e7ad8cc3f7305f9a",
                "sha256:3cbd734e1aefc7c5080e6b6973fe062f97c26a1cdf1a991037ca196ce1c8f427",
                "sha256:40556bea1ef26ef54bc678d00cf138a63069144a0b5f3a436eecd8f3468b903e",
                "sha256:48f273836e19901ba2beecd919f7b352f09310ce67c762f6e53bc6b81cacf1f0",
                "sha256:49ec0b1361da328da9bb7f1a162836028e72556356adeb53342f8fae6b450d47",
                "sha256:4e6198675a6f9d333774671bd536668680eea78e2e81c0b19e57224f58d17f37",
                "sha256:5beaeb091071625e83f5905192d8aecde65ba2f26f8b6719845bbf586f7a04a1",
                "sha256:5ff3e4e4cf7592d36541edec434e09fb8ab9ba6b47608c4ffe30c9038d301897",
                "sha256:62214d2954377fcf3f31ec867dd4e436df80121e7a32947a0b3244f58f45e455",
                "sha256:7be1b88c23cfac46e06404582215a917017cd2edaa2e4d40abe6aaff5458f24b",
                "sha256:8fac72b9688176922f9f54fda1ba5f7ffd28cbeb9aad282760186e8ceba9139a",
                "sha256:90a297330f608adeb4d2e9786c6fda395d3150739deb3d42a86d9a4c2d15bc1d",
                "sha256:a2a47449093dcf70babc930beba2ca0423cb7df2fa5fd76be5260703d67fa574",
                "sha256:ae19ac105cf7ce8c205a46166992fdec88081d6e783ab6e38ecfbe45729f3c39",
                "sha256:ae426e3a52842c6b6d77d00f906b6031c8c2cfdfabd6af7511bb4bc9a68d720e",
                "sha256:cbdb0b3db99dd1d5f69d31b4234367d55475add31df4d84a3bd690ef017b55e2",
                "sha256:cdf24c1b9bbeb4936456b42ac5bd32c60bb194a344951acb6bfb0cddee5439a4",
                "sha256:d14701a12417930392cd3898e9646cf5670c190b933625ebe7511b1f7d7b8736",
                "sha256:d177fe1ff47cc235942d628d41ee5b1c6930d8f009f1a451c39b5411e8d0d4cf",
                "sha256:d5bf9c863ba4717b3917b5227463ee06860fc43931dc9026747de416c0a10fee",
                "sha256:dd968a174aa82f3341a615a033fa6a8169e9320cbb46130686562db132d7f1f0",
                "sha256:f0ed4483c258fb23150e31b91ea7d25ff8495dba108aea0b0d4206a777705350",
                "sha256:f18c3ed484eeeaa43a0d45dc2efb4d00fc6542ccdcfa2c45d7b635096a2ae534",
                "sha256:f1d2108e770907540b5248977e4cff9ffaf0f73d0d13445ee938df06ca7579c6",
                "sha256:f3ec00f023d84526381ad0c0f2cff982852d035c921bbf8ceb994f4886c00c64",
                "sha256:f74429a07fedb36a03c159332b914e6de757176064f9fed94b5f79ebac07d913",
                "sha256:fec42690a2eb646b384eafb021c425fab48991587edb412d4db77acc358b27ce"
            ],
            "index": "pypi",
            "version": "==0.24.2"
        },
        "scipy": {
            "hashes": [
                "sha256:01b38dec7e9f897d4db04f8de4e20f0f5be3feac98468188a0f47a991b796055",
                "sha256:10dbcc7de03b8d635a1031cb18fd3eaa997969b64fdf78f99f19ac163a825445",
                "sha256:19aeac1ad3e57338723f4657ac8520f41714804568f2e30bd547d684d72c392e",
                "sha256:1b21c6e0dc97b1762590b70dee0daddb291271be0580384d39f02c480b78290a",
                "sha256:1caade0ede6967cc675e235c41451f9fb89ae34319ddf4740194094ab736b88d",
                "sha256:23995dfcf269ec3735e5a8c80cfceaf384369a47699df111a6246b83a55da582",
                "sha256:2a799714bf1f791fb2650d73222b248d18d53fd40d6af2df2c898db048189606",
                "sha256:3274ce145b5dc416c49c0cf8b6119f787f0965cd35e22058fe1932c09fe15d77",
                "sha256:33d1677d46111cfa1c84b87472a0274dde9ef4a7ef2e1f155f012f5f1e995d8f",
                "sha256:44d452850f77e65e25b1eb1ac01e25770323a782bfe3a1a3e43847ad4266d93d",
                "sha256:9e3302149a369697c6aaea18b430b216e3c88f9a61b62869f6104881e5f9ef85",
                "sha256:a75b014d3294fce26852a9d04ea27b5671d86736beb34acdfc05859246260707",
                "sha256:ad7269254de06743fb4768f658753de47d8b54e4672c5ebe8612a007a088bd48",
                "sha256:b30280fbc1fd8082ac822994a98632111810311a9ece71a0e48f739df3c555a2",
                "sha256:b79104878003487e2b4639a20b9092b02e1bad07fc4cf924b495cf413748a777",
                "sha256:d449d40e830366b4c612692ad19fbebb722b6b847f78a7b701b1e0d6cda3cc13",
                "sha256:d647757373985207af3343301d89fe738d5a294435a4f2aafb04c13b4388c896",
                "sha256:f68eb46b86b2c246af99fcaa6f6e37c7a7a413e1084a794990b877f2ff71f7b6",
                "sha256:fdf606341cd798530b05705c87779606fcdfaf768a8129c348ea94441da15b04"
            ],
            "markers": "python_version < '3.10' and python_version >= '3.7'",
            "version": "==1.6.3"
        },
        "seaborn": {
            "hashes": [
                "sha256:44e78eaed937c5a87fc7a892c329a7cc091060b67ebd1d0d306b446a74ba01ad",
                "sha256:4e1cce9489449a1c6ff3c567f2113cdb41122f727e27a984950d004a88ef3c5c"
            ],
            "index": "pypi",
            "version": "==0.11.1"
        },
        "six": {
            "hashes": [
                "sha256:30639c035cdb23534cd4aa2dd52c3bf48f06e5f4a941509c8bafd8ce11080259",
                "sha256:8b74bedcbbbaca38ff6d7491d76f2b06b3592611af620f8426e82dddb04a5ced"
            ],
            "markers": "python_version >= '2.7' and python_version not in '3.0, 3.1, 3.2, 3.3'",
            "version": "==1.15.0"
        },
        "smart-open": {
            "hashes": [
                "sha256:02e5e02207d955a1f9fd924c37900ac272536bd24393ae731b6945d4f766015f",
                "sha256:ed310ac51a797051b42f9437a566ac8149a3abf8c80ab994a8bd92d96fb7cf44"
            ],
            "markers": "python_version >= '3.6'",
            "version": "==5.0.0"
        },
        "soupsieve": {
            "hashes": [
                "sha256:052774848f448cf19c7e959adf5566904d525f33a3f8b6ba6f6f8f26ec7de0cc",
                "sha256:c2c1c2d44f158cdbddab7824a9af8c4f83c76b1e23e049479aa432feb6c4c23b"
            ],
            "markers": "python_version >= '3.0'",
            "version": "==2.2.1"
        },
        "threadpoolctl": {
            "hashes": [
                "sha256:38b74ca20ff3bb42caca8b00055111d74159ee95c4370882bbff2b93d24da725",
                "sha256:ddc57c96a38beb63db45d6c159b5ab07b6bced12c45a1f07b2b92f272aebfa6b"
            ],
            "markers": "python_version >= '3.5'",
            "version": "==2.1.0"
        },
        "tokenizers": {
            "hashes": [
                "sha256:03056431783e72df80de68648573f97a70701d17fa22336c6d761b5d4b7be9ff",
                "sha256:05c90ade1b9cc41aaee6056c5e460dc5150f12b602bdc6bfa3758fb965ca7788",
                "sha256:15d9b959fd3b9e9e7c6d6d7d909bca5d7397a170a50d99ac8ce4e2ab590b137a",
                "sha256:1a22bf899728eeb74ee2bb1ba9eff61898ec02e623a690ed28002762d19ab9b4",
                "sha256:1ab8c467e4fe16bba33022feefcd6322642a58e4c8c123fd692c20e17f339964",
                "sha256:2094eb8e3608858eb4bd29c32c39969ae63ad9749d8aca9b34e82cba852acaf1",
                "sha256:2b592146caff20c283dadf2da99520b1dfde4af8ce964a8adcb4e990923fa423",
                "sha256:39e24555d5a2d9df87fd75303e1fd9ba3f995ac8aeb543c511d601d26a54726a",
                "sha256:3fb22df976701452db3ba652bd647518a043e58d4209d18273163fbc53252a3b",
                "sha256:419bb33bb3690239b93b76b06eba1eb822aa72f4e63293d2f15c60505f6ee0d0",
                "sha256:474883e8e0be431394e0ccfb70e97c1856e8c5bc80536f7b2faa3b0785d59afd",
                "sha256:4865d34d4897eed4ca4a758971fb14911cf5022e270b53c028fa9312fe440e2b",
                "sha256:52c2479975fd5025d399493403c7aedce853da20cec04a32a829c1c12c28e2f1",
                "sha256:6229fcc8473fd225e8e09742c354dacacd57dbdc73075e4c9d71f925cd171090",
                "sha256:77c4c41f2147c930c66014ca43b6935133781ae1923d62e70c797e71b0ee2598",
                "sha256:79119578bcd1d8ec836ddd3dbb305f32084d60e9f67e93a10ca33c67eeaa89fc",
                "sha256:7ba26369bc30f9d28d9ff42dcb1b57d9995157a9bb2975b95acda4220195d7aa",
                "sha256:86077426c615a814f7456569eade33c12c93131d02fdf548994dcedf41bdbbf1",
                "sha256:8a575022e066878bede82bb5d5244b17c6ebda15dbb50229d86f9e8267ddd40e",
                "sha256:8b4ae84fb410b5f5abb3a604b3274e2d6994b21f07c379b1c1659561e026bad8",
                "sha256:9124a1f77e176cb2a2571bae4c3bf8d4c40975c1681e2ba346fdca5d6a3aa843",
                "sha256:953a4e483524fd37fd66208e21dce85d4829bfe294d8b6224d2f00f61aa9950c",
                "sha256:9619846026b16967465e5221206f86bdc58cf65b0f92548d048e97925361121e",
                "sha256:9e8f32a2ef1902f769da6215ae8beabd632676a1551fb171b5aa6d4c11fd3a02",
                "sha256:a323d93fd5e57060428fecb6d73ab13223822f8ffa1ede282070b47a4bda2cea",
                "sha256:a3de6ecfbd739ee3d59280c0c930c0c5a716df1cf0cdf68beb379066931866bd",
                "sha256:aadcf38b97114d035e389f5aee4edf59e81666ad65de26c06592d76f184bb66c",
                "sha256:bac17cceebb2a6947d380e1b7bce8fc33098a979071a1291adc456fb25434924",
                "sha256:bb58ad982f8f72052362a5384145e87559899dcc0b06264e71dd137869037e6e",
                "sha256:be25827c0506d92927dc0ef4d2ce0c4653a351735546f8b22548535c3d2f7a6c",
                "sha256:bed7c5c2c786a2e9b3265006f15a13d8e04dcdfcf9ba13add0d7194a50346393",
                "sha256:c0f5bbc2e614468bcb605f2aa4a6dbcdf21629c6ff6ae81f1d9fa9683934ce8e",
                "sha256:c429c25c3dfe1ea9ad6e21a49d648910335ef4188c5e8226e5aa2ba2bd13921c",
                "sha256:cd408266f13856dc648ed2dcc889ac17feffc28da2ebb03f1977b88935e86c9a",
                "sha256:cf7f1aad957fed36e4a90fc094e3adc03fdd45fbb058c1cde25721e3e66235f8",
                "sha256:e3e74a9fa40b92a9817fe05ea91bf20075f45ad8cf7c0d3eb738170a27059508",
                "sha256:ea54eb0071f13fa7c6c3b88997a843d01c067158b994115759c27827e683fb82",
                "sha256:f1553e029f326eb74f36d67a38ef77a7f03068a494a0faa4e16d0d832f25b760",
                "sha256:f7b62497dce161babdb9197fa4b26e401bac9541b62fe0d0957134fefeb1b01c",
                "sha256:f9fe9c5556ccab03c9d42ed299bd8901c95d22373676437bfeb4656c2b5e42bc",
                "sha256:fb1dae213c8531d6af071dd021c7225be73803a0cbe609aed5074be04118aa6c"
            ],
            "version": "==0.10.2"
        },
        "torch": {
            "hashes": [
                "sha256:1388b30fbd262c1a053d6c9ace73bb0bd8f5871b4892b6f3e02d1d7bc9768563",
                "sha256:16f2630d9604c4ee28ea7d6e388e2264cd7bc6031c6ecd796bae3f56b5efa9a3",
                "sha256:225ee4238c019b28369c71977327deeeb2bd1c6b8557e6fcf631b8866bdc5447",
                "sha256:3e4190c04dfd89c59bad06d5fe451446643a65e6d2607cc989eb1001ee76e12f",
                "sha256:4ace9c5bb94d5a7b9582cd089993201658466e9c59ff88bd4e9e08f6f072d1cf",
                "sha256:55137feb2f5a0dc7aced5bba690dcdb7652054ad3452b09a2bbb59f02a11e9ff",
                "sha256:5c2e9a33d44cdb93ebd739b127ffd7da786bf5f740539539195195b186a05f6c",
                "sha256:6ffa1e7ae079c7cb828712cb0cdaae5cc4fb87c16a607e6d14526b62c20bcc17",
                "sha256:8ad2252bf09833dcf46a536a78544e349b8256a370e03a98627ebfb118d9555b",
                "sha256:95b7bbbacc3f28fe438f418392ceeae146a01adc03b29d44917d55214ac234c9",
                "sha256:a50ea8ed900927fb30cadb63aa7a32fdd59c7d7abe5012348dfbe35a8355c083",
                "sha256:c6ede2ae4dcd8214b63e047efabafa92493605205a947574cf358216ca4e440a",
                "sha256:ce7d435426f3dd14f95710d779aa46e9cd5e077d512488e813f7589fdc024f78",
                "sha256:dac4d10494e74f7e553c92d7263e19ea501742c4825ddd26c4decfa27be95981",
                "sha256:e7ad1649adb7dc2a450e70a3e51240b84fa4746c69c8f98989ce0c254f9fba3a",
                "sha256:f23eeb1a48cc39209d986c418ad7e02227eee973da45c0c42d36b1aec72f4940"
            ],
            "index": "pypi",
            "version": "==1.8.1"
        },
        "torchtext": {
            "hashes": [
                "sha256:192049727b12fda774f43abf4897f55ee896c8d1637443fcacf77e6fc37fe92f",
                "sha256:1bc302402062a678116cdfc70fe5c1c2f257cc343ea175dcf24f9cac63918bd4",
                "sha256:23d3b6a53378bd5cef7c77d4b4dccd4b563b0bdfa4219664618fd236a5d1d42e",
                "sha256:2ea9a5e317a47329eebd5023994f9cb8449f39f4fa59473469affac4941736a7",
                "sha256:7e6f462e7fcefda970fd10b67c3d8e9675691a90e4642dd7ed179f51188d4680",
                "sha256:88b9e9a3d19bf961b6a257bdd8b5dcb744d61f141374482f7a5427a9164b909d",
                "sha256:8b8d1c3fb8897806f4dcd718b943f33b846236401cc156ccba0213ee89f6a53c",
                "sha256:932dccde8ecb02981e89b1db01d1791a92f278a0ad3537be50f2b535f71e94f0",
                "sha256:978d208bfe0ca46d3d1650b02aea3e438ce90bed1a5cc46b31fb74ef44869c32",
                "sha256:d0af91110a57af90300bea9622bed320e6459ceb95dafafaf6f7eec4c518ae16",
                "sha256:e244f20f7d8104faa90b1a50a7fc95c6a2a8ae66acc74fe07bc0a843487cb5f3",
                "sha256:f6b19505d6290bef41b5272d84d3fb77e1873bdfed8a87ace8c34ef95a2a9e04"
            ],
            "index": "pypi",
            "version": "==0.9.1"
        },
        "torchvision": {
            "hashes": [
                "sha256:091812c9fa405bef12aca9b9c3e671fcae7c0a4945b68705534ba8a401396ad1",
                "sha256:0bfcc3ab99128081bfc9a5c3ab31f5227c4df3b802e6d4217dac104bf5ba8636",
                "sha256:42bec9b8e8a1dcd478751457191f317f843fa463555c141994c809c4b11ad60d",
                "sha256:46b82b6cdccd2cb982819165b6ddaa097629315377ba6bbf77bdcb02c2e83692",
                "sha256:85f21862e504590eb4a77b1d9a1742156a296af55827fb8c82296601922b7ac1",
                "sha256:86e4facb1cf4670ab3d67b7a947f0c43cd0805ec269a5e22ad0b82be727bcb3b",
                "sha256:8a937cd3b53656e15de03671f8a638b5e8e4c100725b854d73bdb51e41455e9e",
                "sha256:8aa438869e3033cbd8749d041d1ca7beb6171ca9f7f47b42e742fabd6900f8fc",
                "sha256:92c936584e03dfca39ff31bbc4a4fb54edb08fe8362e75dc08a2fa4b43266068",
                "sha256:99cd75163938b4b3728815696d75c0df8b66390c489abed2365a530a040059a1",
                "sha256:a1421a26b21b8c098935c3375182470c4c4d99d5e14d81ec3ac14a35e7a85285",
                "sha256:b14b5b7fed0b7dc6245c2608b9fd2262d5b375ba998e097b980a1046683ca7f6",
                "sha256:d38d0d23c6ce6ba15eba094a9319393e429796ab2bab228fa3b996abc9e33c3f",
                "sha256:da4c4f7363b60b0637354974ea0a29dbc301f66c9f25d92ed5f10637909f3500",
                "sha256:dda0dcb914bcab1a43f823348736b8b1c926bf1fbe9cbb3be892fdbe2ab6d097",
                "sha256:f16ceec2862faaffc8fc19bca20e0e79ffdab18a53e6cb75e42e33d090e80d04"
            ],
            "index": "pypi",
            "version": "==0.9.1"
        },
        "tqdm": {
            "hashes": [
                "sha256:daec693491c52e9498632dfbe9ccfc4882a557f5fa08982db1b4d3adbe0887c3",
                "sha256:ebdebdb95e3477ceea267decfc0784859aa3df3e27e22d23b83e9b272bf157ae"
            ],
            "markers": "python_version >= '2.7' and python_version not in '3.0, 3.1, 3.2, 3.3'",
            "version": "==4.60.0"
        },
        "transformers": {
            "hashes": [
                "sha256:0a57d1cd9301a617c7015d7184228984abdfb1ae2158c29cfb32582219756d23",
                "sha256:3508e3b032cf0f5342c67836de4b121aa5c435c959472a28054ba895ea59cca7"
            ],
            "index": "pypi",
            "version": "==4.5.1"
        },
        "typing-extensions": {
            "hashes": [
                "sha256:0ac0f89795dd19de6b97debb0c6af1c70987fd80a2d62d1958f7e56fcc31b497",
                "sha256:50b6f157849174217d0656f99dc82fe932884fb250826c18350e159ec6cdf342",
                "sha256:779383f6086d90c99ae41cf0ff39aac8a7937a9283ce0a414e5dd782f4c94a84"
            ],
            "version": "==3.10.0.0"
        },
        "urllib3": {
            "hashes": [
                "sha256:2f4da4594db7e1e110a944bb1b551fdf4e6c136ad42e4234131391e21eb5b0df",
                "sha256:e7b021f7241115872f92f43c6508082facffbd1c048e3c6e2bb9c2a157e28937"
            ],
            "markers": "python_version >= '2.7' and python_version not in '3.0, 3.1, 3.2, 3.3, 3.4' and python_version < '4'",
            "version": "==1.26.4"
        },
        "xxhash": {
            "hashes": [
                "sha256:00aaf882036d2a0fa7652cf9aeaaf2ad077b784c09ef8d60f5d97ebf0d47ffa1",
                "sha256:04ae5706ddfe0fd2b46cd0b6487d3edae7e724e27d732b055ffd0f9539c4afc5",
                "sha256:0b92a01dc8dcada8827de140a5df83c9e8e5c190ef8bf972c98ebbe0924ee044",
                "sha256:0beb79835ca47af257f8126fccd9d5e0ba56ba7d39dab6f6b5a7acea4d8ac4b5",
                "sha256:173d3f662dc88de734bd622e46a3bbac6fd00e957b3e098fa8b75b141aa4354e",
                "sha256:17a3b0a2ff20879ed5c9d9c178349e9c6257db11b193e4103282d7a78ef9cb08",
                "sha256:1dfa115c8e07b3e1d94ebd60a6d6ee16ea692efb890e245addb0d33b47ee1dee",
                "sha256:22ddd484cd92d138feeec556387894b8ec529bab7f2feb3a177eb84baadee8c1",
                "sha256:357f6a52bd18a80635cf4c83f648c42fa0609713b4183929ed019f7627af4b68",
                "sha256:4243dbeb1ce09d359289844f0c54676343857fdc6a092184aea159fecdf6d9f3",
                "sha256:427851234a87bfe6636c90b89bd65b7ca913befff3c7bcd92a3568e635fccc92",
                "sha256:43fd97f332bd581639bb99fe8f09f7e9113d49cad4d21bef0620867f92c802c6",
                "sha256:515747159fccd23fc9d1b7afeaa8bd7fc36884188b47491713d22032c5f9e502",
                "sha256:57d43ce9594676b503c0a0a383481cb4e5cf736f88970bd41849fe15a68a5d48",
                "sha256:5dc3da5fa855dd8e35f24d20fabfcd29c0b3ac85a14dc2c329c029971ae4eeb7",
                "sha256:6077fdb44f68920c4ac8e2f34b2a107c9a218f00a698253c824a0c6c1b9622a3",
                "sha256:676d6964b8a9bdaf737ae6836b886ab53b2863c6aa00d43952b130a6130d1bdc",
                "sha256:686fcf2aff041df65470eccc7dcea5e7e77cfad99efcaba0c6f58bbd81846e10",
                "sha256:68d067427f2c6f7b3014e28bf4794b0876ab5f6366b53e1d6f59d275b4f19a8d",
                "sha256:6e5058c3fa5b42ded9a303f1a5a42d3ff732cb54c108424c63e993fc3379513c",
                "sha256:6fc0b8c21a181b771e1f0c25eb8a0a241af0126f1fc19f4c3cde7233de91326f",
                "sha256:71b38300e1803ab32ee787f89cdbc032b46ac5834eca9109d8fb576ae1a31741",
                "sha256:73649555656dd17e809b9b3c54855f4f72144024b0e6395cd37b5395fa0f48c3",
                "sha256:81ec049f4936a49311e1fc58036d7d682b5c83d6d16ba1c852a981588c90e027",
                "sha256:8362693a1ce5c1373f48f047470e7797ed17dfe5babc37ba7bef50d6e6f83a72",
                "sha256:9b6bb1bd34a6365c790c328a604ec5a628059fef6e4486380caa89bc12787a6e",
                "sha256:9e6e5e095417060bed45119c510d5bc846b62e2a8218cb3e5a19b3ccf12e4c18",
                "sha256:a0199a07a264be96ed658ba3b4e9ee58a3c678e51a18e134e2518cf1a8171e18",
                "sha256:a8a68d117178f15c96cb9ae2613f53db94e0fdb34ffc69c7ab600c899c7a966c",
                "sha256:a922315c8e20dae0d35e54b49fd7ee348fe0a5e2fd8ec02f6a74140e063fcdb3",
                "sha256:b232b47a3aa825e0df14b1bd3e051dd327c8539e382728ddb81997d26de5256a",
                "sha256:b4964e7ddca1ef9d7addef40a9f5eaa97aeda367c1d895e392533c0d2f9c3b8e",
                "sha256:b4b7d4d19c125738c5fc48356505dfbd63b3cdf826dd868a1b80a73de48729b7",
                "sha256:b7640e043ac6e0f503eadb108e6971d69b0c95c23fbcac3e5632578f9f906050",
                "sha256:b7bead8cf6210eadf9cecf356e17af794f57c0939a3d420a00d87ea652f87b49",
                "sha256:bb8c0efad20da40da1aa56f36b929b965d1adede8a1d5b37b702d378a683e0dd",
                "sha256:c2e44d162c3361392dbde736ee8ba3d1a414f63e32be6c71186f2b0654559d26",
                "sha256:c4a0806ffb33c9d892b5565fa010c252c7e0f4d01ded901a637dfede624e4d0c",
                "sha256:c4a892bc47b6ea92bbb82499a81882548ce990d62c1862b3834f1f70e8cf4423",
                "sha256:c75f8375c80c3815f49a744ef1a8303577757eb9a2dc53bed33d9318b760fec6",
                "sha256:cb3a196fd1d55ce86b1123cbf3ef6603f80f4d0b46541412bb5056b0563ef384",
                "sha256:d47ab1245ee4c7e6fc424ad990e4d7cfe0f206d617efe990fea34000a9242102",
                "sha256:d707d2a053a5d55ccd2e59d7a228636cafeebb44c9ac3ca1c088f4d384c8c3a9",
                "sha256:d7175cd7f490aae742d18eb9b519e74180958f88fa8ff47091727b3efb57bfbf",
                "sha256:dac3b94881b943bbe418f5829128b9c48f69a66f816ef8b72ee0129d676dbd7c",
                "sha256:dad190caa293abbb39d96b4a09f121fc971d81eb19c96e4e0db89a99a7d59b93",
                "sha256:dafd1066c99d448a7a1226f10766b61ff752aaad8a4392e4cae30aafefa6fff5",
                "sha256:db2352d375e6594620c462c029d3c1a1b18ff7168e470657e354f1b8b332d9dd",
                "sha256:dc328d3d635ec851d6befdf6ced2134d587d3be973dbbbc489da24c0c88ecb01",
                "sha256:dd9c72520f790ce6eaa535cdad1a53ded22deab43766cfa7cef42834a9a65561",
                "sha256:df71aeedee74eaf670d1243b6722c8c77626f3b6e6cf2cd79f2e336b151749cd",
                "sha256:dfacce97a3ccb46089e358ceaeca9300298511673bf87596da66882af386f6c7",
                "sha256:e1787b9cea43f256f8d06c8429999d386a9da9cb000c265a4dde48dd08242528",
                "sha256:e70059c5cc8f0cecd16d8cb0263de8f317239cabee3fa4af35c0a1ddaed2110e",
                "sha256:e94fdff9b102ca7c0969230d209f7ce17020db17a89d026ac45d8ffb9e4929ec",
                "sha256:eb1e9e347c9810a272154814cf5ce33a6c3ac7d0d7cbcb066e92dd5f9fa4db8f",
                "sha256:eb2670ed6c435189aeb479bfff990e00b849ae0ff49945632db74b2a2a08d192",
                "sha256:ebff22f1783f641c6c2b313bfc44d6cc620c17409ec512e67c7c6de809155880",
                "sha256:f2bef10c417c4667310cc240d49e521e6b5fc90c4ff77a1ec78649869685e8d3",
                "sha256:f49dbd3b8e4cc13f2df92fb3db39204e3258105a212e23784cbb340e415ae8ed",
                "sha256:f95adf6091fa13ce19fab21fadb8d07210822320568d24a6405d6b557afc0411",
                "sha256:fb28b0313c7582225373f343635674231518452331a9bdea8261d0e27b48594f",
                "sha256:fdfac2014301da79cebcd8f9535c875f63242fe404d741cec5f70f400cc6a561",
                "sha256:ff518ec1bd7cc33218f8f3325848c56e9c73c5df30138a64a89dd65ab1e1ffb5"
            ],
            "markers": "python_version >= '2.6' and python_version not in '3.0, 3.1, 3.2, 3.3'",
            "version": "==2.0.2"
        }
    },
    "develop": {}
}
