{
    "_meta": {
        "hash": {
            "sha256": "2e9d73cddab078af4d58c4927e33171e3d65f444c78f4085ce8ec945a7acb016"
        },
        "pipfile-spec": 6,
        "requires": {
            "python_version": "3.8"
        },
        "sources": [
            {
                "name": "pypi",
                "url": "https://pypi.org/simple",
                "verify_ssl": true
            }
        ]
    },
    "default": {
        "dill": {
            "hashes": [
                "sha256:78370261be6ea49037ace8c17e0b7dd06d0393af6513cc23f9b222d9367ce389",
                "sha256:efb7f6cb65dba7087c1e111bb5390291ba3616741f96840bfc75792a1a9b5ded"
            ],
            "index": "pypi",
            "version": "==0.3.3"
        },
        "joblib": {
            "hashes": [
                "sha256:9c17567692206d2f3fb9ecf5e991084254fe631665c450b443761c4186a613f7",
                "sha256:feeb1ec69c4d45129954f1b7034954241eedfd6ba39b5e9e4b6883be3332d5e5"
            ],
            "markers": "python_version >= '3.6'",
            "version": "==1.0.1"
        },
        "mecab-python3": {
            "hashes": [
                "sha256:02792fe78a8ff678e5ead2cfb8ba242d44793c43e2ec469e9b6f8a9ef32dd52f",
                "sha256:204aa45f342e7c32a346266ee149a1ce29d51e2c2458841ffc67b4589e96ec6b",
                "sha256:3bfd9ddba93f81308eb82c8199faf210882d5202000f8f6b88e35b840094e6cb",
                "sha256:3dad694911a1f6da77cc4be4317e3febfeb44d34674a2365f4d507fad58bd0c5",
                "sha256:4927baddd924079e89bf3d366dfd3fcc47c84e05f9a50a3832d43334250b1253",
                "sha256:4d9bde34482ce1aa57c0309ce77c0c35e1d058cd5b779e8ea4e0cd223f3e846d",
                "sha256:5c8f923a9c4496658dc44b46e012bad9f95ed6f8486ad8b9417d2835649a1265",
                "sha256:62abe28a1155398325372291483608427bc82681fef80e7d132904415f9fd42e",
                "sha256:7202de44c7a077b35fd0e820746415954fe2d61735df9797455023d4c0eb1bc0",
                "sha256:900de8f3c0736875d1bd64e1f1c381bc697afde477bb501c93198b5e0efbe934",
                "sha256:99dae91a1bc574f746fecf68f2aaefde068ce4e67828f89e45e6d69375de20f8",
                "sha256:aef526312eb990d0843685b705604424573263d21374c29f381b04a75a42b91b",
                "sha256:cba161eefe02d370cebb20f6a9aaea76c9d93d9372d993014f83865f26e0994a",
                "sha256:d0c2bc63e2684fa2be8bb39ad0c80e852c2819b450a4f573c5f6dc7d8892ba43",
                "sha256:ecfa3ce98aef5c79f2e0721d329493588a2cdc1e21cc0147c912b291d6b047b6",
                "sha256:fd079d7dba4c7d48491e2db5b4aaeb98ca5a21d9b4713857ac6eed8e761286ed"
            ],
            "index": "pypi",
            "version": "==1.0.3"
        },
        "numpy": {
            "hashes": [
                "sha256:032be656d89bbf786d743fee11d01ef318b0781281241997558fa7950028dd29",
                "sha256:104f5e90b143dbf298361a99ac1af4cf59131218a045ebf4ee5990b83cff5fab",
                "sha256:125a0e10ddd99a874fd357bfa1b636cd58deb78ba4a30b5ddb09f645c3512e04",
                "sha256:12e4ba5c6420917571f1a5becc9338abbde71dd811ce40b37ba62dec7b39af6d",
                "sha256:13adf545732bb23a796914fe5f891a12bd74cf3d2986eed7b7eba2941eea1590",
                "sha256:2d7e27442599104ee08f4faed56bb87c55f8b10a5494ac2ead5c98a4b289e61f",
                "sha256:3bc63486a870294683980d76ec1e3efc786295ae00128f9ea38e2c6e74d5a60a",
                "sha256:3d3087e24e354c18fb35c454026af3ed8997cfd4997765266897c68d724e4845",
                "sha256:4ed8e96dc146e12c1c5cdd6fb9fd0757f2ba66048bf94c5126b7efebd12d0090",
                "sha256:60759ab15c94dd0e1ed88241fd4fa3312db4e91d2c8f5a2d4cf3863fad83d65b",
                "sha256:65410c7f4398a0047eea5cca9b74009ea61178efd78d1be9847fac1d6716ec1e",
                "sha256:66b467adfcf628f66ea4ac6430ded0614f5cc06ba530d09571ea404789064adc",
                "sha256:7199109fa46277be503393be9250b983f325880766f847885607d9b13848f257",
                "sha256:72251e43ac426ff98ea802a931922c79b8d7596480300eb9f1b1e45e0543571e",
                "sha256:89e5336f2bec0c726ac7e7cdae181b325a9c0ee24e604704ed830d241c5e47ff",
                "sha256:89f937b13b8dd17b0099c7c2e22066883c86ca1575a975f754babc8fbf8d69a9",
                "sha256:9c94cab5054bad82a70b2e77741271790304651d584e2cdfe2041488e753863b",
                "sha256:9eb551d122fadca7774b97db8a112b77231dcccda8e91a5bc99e79890797175e",
                "sha256:a1d7995d1023335e67fb070b2fae6f5968f5be3802b15ad6d79d81ecaa014fe0",
                "sha256:ae61f02b84a0211abb56462a3b6cd1e7ec39d466d3160eb4e1da8bf6717cdbeb",
                "sha256:b9410c0b6fed4a22554f072a86c361e417f0258838957b78bd063bde2c7f841f",
                "sha256:c26287dfc888cf1e65181f39ea75e11f42ffc4f4529e5bd19add57ad458996e2",
                "sha256:c91ec9569facd4757ade0888371eced2ecf49e7982ce5634cc2cf4e7331a4b14",
                "sha256:ecb5b74c702358cdc21268ff4c37f7466357871f53a30e6f84c686952bef16a9"
            ],
            "markers": "python_version >= '3.7'",
            "version": "==1.20.1"
        },
        "python-crfsuite": {
            "hashes": [
                "sha256:09faa4425b9d8c128946c68c58c8efd5f28908ddf6b941af97475e2072f61495",
                "sha256:0dc0149a62764e7d24d4f1a362f51b02e0283ac2b2469ce7f36666ece0b55855",
                "sha256:1d2faa31771df2370bcf15855aa403416d14f088d3e81b19de857ea013a697b0",
                "sha256:2390c7cf62c72179b96c130048cec981173d3873ded532f739ba5ff770ed2d39",
                "sha256:263f29c656fbb63d8d198d30ec9bca5b6fc7fab61fd20dd2f7cab795a613a85a",
                "sha256:397bac9cd4bae7a1b27d215c0119d33ff51c4ec5343d1f474867fd1a04c18a1d",
                "sha256:3b4538d2ce5007e4e42005818247bf43ade89ef08a66d158462e2f7c5d63cee7",
                "sha256:468bcb736a98627df89708f631cfd0e0c5c7825b545ea1a1e91d7db2bbad88a6",
                "sha256:4753c42cdd6c7f48ea745943f641c23d87a9547d22a07ea45903702cea1c7be2",
                "sha256:4c9effa3cf7087cfecaa91ccada1ff9998b276bbde285700ef405345890253b1",
                "sha256:5cff06b51c16594ab4132d72a8b4b381ff4351a1825e388e120739c223ca849e",
                "sha256:5ebb57783a0723d46d82d462fbfd6111e62e48533bfe1fbcd5ffb8dc1ba7a573",
                "sha256:8704a6b7c7c64c4aa158125c89e9e08377a0169e83c75094aa65833b771d3078",
                "sha256:946ef3481c8dcd7c331123dd39b227cc52a386322967db78db650c58a6c972df",
                "sha256:9934e684ff89ae97be52971c4c127329b1e1604ada9f903c7427a7062f256fc6",
                "sha256:9aede38a4c93c90b9fa1b291c2e12521bcf718d6900beae0f933667f184c68ba",
                "sha256:9e8b03b02866c23e9618245757cf70cbdef18b9ce0893121c23ccd114fb78508",
                "sha256:a14959d27475f379711798e1cbdad79ebcab07976ea52d5b4862c36132ae16f5",
                "sha256:ac25832a8ab55f3a0a91c863e7f4f270ccac9d34b2bf1e2ac457fc8e97c81ba2",
                "sha256:b1568ab4c7a97f54b4d57f5b9795a4d6d841f7dc7923dd40414e34a93500cc42",
                "sha256:b3da774cedf542202533b014347b86fbc25191356f0d5568f9784f8eb77e7ef6",
                "sha256:b46811138745d9d62ff7674bc7a14a9cc974c065dadfc6f78e0dc19832066ec2",
                "sha256:bb57e551d86c83ec6a719c9884c571cb9a9b013a78fe0c317b0677c3c9542965",
                "sha256:c56f34b50049de3127353214af45bc9b437fd6c23202b83abb0b8052d86a248b",
                "sha256:caa980287a90fd8c659c6d936f5f4a5b28d0157ce530ad90a6430faed1cf147f",
                "sha256:cd18b340c5a45ec200e8ce1167318dfc5d915ca9aad459dfa8675d014fd30650",
                "sha256:d03ca82d34b45c6efa8f086eb05c7217e4a7fed34640e714775deaa08b61e6d2",
                "sha256:d386d3a1e8d2065b4770c0dd06877ac28d7a94f61cd8447af3fa7a49551e98f9",
                "sha256:df9edb37c90744c3aafd5d7dbf7c50fc486fe189e0e85a1deaf7af995ecac7b5",
                "sha256:dfbfbfc298057e56532151910f042bb4b579502037d9403627a72cc51d572961",
                "sha256:e905914a688138c29205a6752e768965ef3b0bfc46102b4a94316fd00dac7bc2"
            ],
            "version": "==0.9.7"
        },
        "scikit-learn": {
            "hashes": [
                "sha256:0567a2d29ad08af98653300c623bd8477b448fe66ced7198bef4ed195925f082",
                "sha256:087dfede39efb06ab30618f9ab55a0397f29c38d63cd0ab88d12b500b7d65fd7",
                "sha256:1adf483e91007a87171d7ce58c34b058eb5dab01b5fee6052f15841778a8ecd8",
                "sha256:259ec35201e82e2db1ae2496f229e63f46d7f1695ae68eef9350b00dc74ba52f",
                "sha256:3c4f07f47c04e81b134424d53c3f5e16dfd7f494e44fd7584ba9ce9de2c5e6c1",
                "sha256:4562dcf4793e61c5d0f89836d07bc37521c3a1889da8f651e2c326463c4bd697",
                "sha256:4ddd2b6f7449a5d539ff754fa92d75da22de261fd8fdcfb3596799fadf255101",
                "sha256:54be0a60a5a35005ad69c75902e0f5c9f699db4547ead427e97ef881c3242e6f",
                "sha256:5580eba7345a4d3b097be2f067cc71a306c44bab19e8717a30361f279c929bea",
                "sha256:7b04691eb2f41d2c68dbda8d1bd3cb4ef421bdc43aaa56aeb6c762224552dfb6",
                "sha256:826b92bf45b8ad80444814e5f4ac032156dd481e48d7da33d611f8fe96d5f08b",
                "sha256:83b21ff053b1ff1c018a2d24db6dd3ea339b1acfbaa4d9c881731f43748d8b3b",
                "sha256:8772b99d683be8f67fcc04789032f1b949022a0e6880ee7b75a7ec97dbbb5d0b",
                "sha256:895dbf2030aa7337649e36a83a007df3c9811396b4e2fa672a851160f36ce90c",
                "sha256:8aa1b3ac46b80eaa552b637eeadbbce3be5931e4b5002b964698e33a1b589e1e",
                "sha256:9599a3f3bf33f73fed0fe06d1dfa4e6081365a58c1c807acb07271be0dce9733",
                "sha256:99349d77f54e11f962d608d94dfda08f0c9e5720d97132233ebdf35be2858b2d",
                "sha256:9a24d1ccec2a34d4cd3f2a1f86409f3f5954cc23d4d2270ba0d03cf018aa4780",
                "sha256:9bed8a1ef133c8e2f13966a542cb8125eac7f4b67dcd234197c827ba9c7dd3e0",
                "sha256:9c6097b6a9b2bafc5e0f31f659e6ab5e131383209c30c9e978c5b8abdac5ed2a",
                "sha256:9dfa564ef27e8e674aa1cc74378416d580ac4ede1136c13dd555a87996e13422",
                "sha256:a0334a1802e64d656022c3bfab56a73fbd6bf4b1298343f3688af2151810bbdf",
                "sha256:a29460499c1e62b7a830bb57ca42e615375a6ab1bcad053cd25b493588348ea8",
                "sha256:a36e159a0521e13bbe15ca8c8d038b3a1dd4c7dad18d276d76992e03b92cf643",
                "sha256:abe835a851610f87201819cb315f8d554e1a3e8128912783a31e87264ba5ffb7",
                "sha256:c13ebac42236b1c46397162471ea1c46af68413000e28b9309f8c05722c65a09",
                "sha256:c3deb3b19dd9806acf00cf0d400e84562c227723013c33abefbbc3cf906596e9",
                "sha256:c658432d8a20e95398f6bb95ff9731ce9dfa343fdf21eea7ec6a7edfacd4b4d9",
                "sha256:c7f4eb77504ac586d8ac1bde1b0c04b504487210f95297235311a0ab7edd7e38",
                "sha256:d54dbaadeb1425b7d6a66bf44bee2bb2b899fe3e8850b8e94cfb9c904dcb46d0",
                "sha256:ddb52d088889f5596bc4d1de981f2eca106b58243b6679e4782f3ba5096fd645",
                "sha256:ed9d65594948678827f4ff0e7ae23344e2f2b4cabbca057ccaed3118fdc392ca",
                "sha256:fab31f48282ebf54dd69f6663cd2d9800096bad1bb67bbc9c9ac84eb77b41972"
            ],
            "index": "pypi",
            "version": "==0.24.1"
        },
        "scipy": {
            "hashes": [
                "sha256:03f1fd3574d544456325dae502facdf5c9f81cbfe12808a5e67a737613b7ba8c",
                "sha256:0c81ea1a95b4c9e0a8424cf9484b7b8fa7ef57169d7bcc0dfcfc23e3d7c81a12",
                "sha256:1fba8a214c89b995e3721670e66f7053da82e7e5d0fe6b31d8e4b19922a9315e",
                "sha256:37f4c2fb904c0ba54163e03993ce3544c9c5cde104bcf90614f17d85bdfbb431",
                "sha256:50e5bcd9d45262725e652611bb104ac0919fd25ecb78c22f5282afabd0b2e189",
                "sha256:6ca1058cb5bd45388041a7c3c11c4b2bd58867ac9db71db912501df77be2c4a4",
                "sha256:77f7a057724545b7e097bfdca5c6006bed8580768cd6621bb1330aedf49afba5",
                "sha256:816951e73d253a41fa2fd5f956f8e8d9ac94148a9a2039e7db56994520582bf2",
                "sha256:96620240b393d155097618bcd6935d7578e85959e55e3105490bbbf2f594c7ad",
                "sha256:993c86513272bc84c451349b10ee4376652ab21f312b0554fdee831d593b6c02",
                "sha256:adf7cee8e5c92b05f2252af498f77c7214a2296d009fc5478fc432c2f8fb953b",
                "sha256:bc52d4d70863141bb7e2f8fd4d98e41d77375606cde50af65f1243ce2d7853e8",
                "sha256:c1d3f771c19af00e1a36f749bd0a0690cc64632783383bc68f77587358feb5a4",
                "sha256:d744657c27c128e357de2f0fd532c09c84cd6e4933e8232895a872e67059ac37",
                "sha256:e3e9742bad925c421d39e699daa8d396c57535582cba90017d17f926b61c1552",
                "sha256:e547f84cd52343ac2d56df0ab08d3e9cc202338e7d09fafe286d6c069ddacb31",
                "sha256:e89091e6a8e211269e23f049473b2fde0c0e5ae0dd5bd276c3fc91b97da83480",
                "sha256:e9da33e21c9bc1b92c20b5328adb13e5f193b924c9b969cd700c8908f315aa59",
                "sha256:ffdfb09315896c6e9ac739bb6e13a19255b698c24e6b28314426fd40a1180822"
            ],
            "markers": "python_version < '3.10' and python_version >= '3.7'",
            "version": "==1.6.2"
        },
        "six": {
            "hashes": [
                "sha256:30639c035cdb23534cd4aa2dd52c3bf48f06e5f4a941509c8bafd8ce11080259",
                "sha256:8b74bedcbbbaca38ff6d7491d76f2b06b3592611af620f8426e82dddb04a5ced"
            ],
            "markers": "python_version >= '2.7' and python_version not in '3.0, 3.1, 3.2, 3.3'",
            "version": "==1.15.0"
        },
        "sklearn-crfsuite": {
            "hashes": [
                "sha256:2f59aad3055e01a778a79a6352891cac04788e8b52688aa5bc8b11be7717861e",
                "sha256:6e9a42bc3de96941d5f7262335130955b8c380b1356147622368f385075705d9"
            ],
            "index": "pypi",
            "version": "==0.3.6"
        },
        "tabulate": {
            "hashes": [
                "sha256:d7c013fe7abbc5e491394e10fa845f8f32fe54f8dc60c6622c6cf482d25d47e4",
                "sha256:eb1d13f25760052e8931f2ef80aaf6045a6cceb47514db8beab24cded16f13a7"
            ],
            "version": "==0.8.9"
        },
        "threadpoolctl": {
            "hashes": [
                "sha256:38b74ca20ff3bb42caca8b00055111d74159ee95c4370882bbff2b93d24da725",
                "sha256:ddc57c96a38beb63db45d6c159b5ab07b6bced12c45a1f07b2b92f272aebfa6b"
            ],
            "markers": "python_version >= '3.5'",
            "version": "==2.1.0"
        },
        "tqdm": {
            "hashes": [
                "sha256:9fdf349068d047d4cfbe24862c425883af1db29bcddf4b0eeb2524f6fbdb23c7",
                "sha256:d666ae29164da3e517fcf125e41d4fe96e5bb375cd87ff9763f6b38b5592fe33"
            ],
            "markers": "python_version >= '2.7' and python_version not in '3.0, 3.1, 3.2, 3.3'",
            "version": "==4.59.0"
        }
    },
    "develop": {}
}
